// !$*UTF8*$!
{
	archiveVersion = 1;
	classes = {
	};
	objectVersion = 56;
	objects = {

/* Begin PBXBuildFile section */
		A10000000000000000000010 /* EyeHavenApp.swift in Sources */ = {isa = PBXBuildFile; fileRef = A10000000000000000000020 /* EyeHavenApp.swift */; };
		A10000000000000000000011 /* RestSession.swift in Sources */ = {isa = PBXBuildFile; fileRef = A10000000000000000000021 /* RestSession.swift */; };
		A10000000000000000000012 /* Palette.swift in Sources */ = {isa = PBXBuildFile; fileRef = A10000000000000000000022 /* Palette.swift */; };
		A10000000000000000000013 /* RootView.swift in Sources */ = {isa = PBXBuildFile; fileRef = A10000000000000000000023 /* RootView.swift */; };
		A10000000000000000000014 /* HomeView.swift in Sources */ = {isa = PBXBuildFile; fileRef = A10000000000000000000024 /* HomeView.swift */; };
		A10000000000000000000015 /* TimerRing.swift in Sources */ = {isa = PBXBuildFile; fileRef = A10000000000000000000025 /* TimerRing.swift */; };
		A10000000000000000000016 /* TipsView.swift in Sources */ = {isa = PBXBuildFile; fileRef = A10000000000000000000026 /* TipsView.swift */; };
		A10000000000000000000017 /* Assets.xcassets in Resources */ = {isa = PBXBuildFile; fileRef = A10000000000000000000027 /* Assets.xcassets */; };
		A10000000000000000000018 /* ParentSettings.swift in Sources */ = {isa = PBXBuildFile; fileRef = A10000000000000000000028 /* ParentSettings.swift */; };
		A10000000000000000000019 /* ParentSettingsView.swift in Sources */ = {isa = PBXBuildFile; fileRef = A10000000000000000000029 /* ParentSettingsView.swift */; };
		A1000000000000000000001A /* DistanceChecker.swift in Sources */ = {isa = PBXBuildFile; fileRef = A1000000000000000000002A /* DistanceChecker.swift */; };
		A1000000000000000000001B /* DistanceGateView.swift in Sources */ = {isa = PBXBuildFile; fileRef = A1000000000000000000002B /* DistanceGateView.swift */; };
		A1000000000000000000001C /* DailyReport.swift in Sources */ = {isa = PBXBuildFile; fileRef = A1000000000000000000002C /* DailyReport.swift */; };
		A1000000000000000000001D /* ParentNotifier.swift in Sources */ = {isa = PBXBuildFile; fileRef = A1000000000000000000002D /* ParentNotifier.swift */; };
		A1000000000000000000001E /* ParentReportView.swift in Sources */ = {isa = PBXBuildFile; fileRef = A1000000000000000000002E /* ParentReportView.swift */; };
		A1000000000000000000001F /* RestCheckInView.swift in Sources */ = {isa = PBXBuildFile; fileRef = A1000000000000000000002F /* RestCheckInView.swift */; };
		A10000000000000000000031 /* AppClock.swift in Sources */ = {isa = PBXBuildFile; fileRef = A10000000000000000000030 /* AppClock.swift */; };
		A10000000000000000000033 /* ClockPulseView.swift in Sources */ = {isa = PBXBuildFile; fileRef = A10000000000000000000032 /* ClockPulseView.swift */; };
		A10000000000000000000035 /* RestTimerLabel.swift in Sources */ = {isa = PBXBuildFile; fileRef = A10000000000000000000034 /* RestTimerLabel.swift */; };
		A10000000000000000000036 /* RestStory.swift in Sources */ = {isa = PBXBuildFile; fileRef = A10000000000000000000038 /* RestStory.swift */; };
		A10000000000000000000037 /* RestStoryPlayer.swift in Sources */ = {isa = PBXBuildFile; fileRef = A10000000000000000000039 /* RestStoryPlayer.swift */; };
		A1000000000000000000003A /* CheckInMoment.swift in Sources */ = {isa = PBXBuildFile; fileRef = A1000000000000000000003C /* CheckInMoment.swift */; };
/* End PBXBuildFile section */

/* Begin PBXFileReference section */
		A10000000000000000000001 /* EyeHaven.app */ = {isa = PBXFileReference; explicitFileType = wrapper.application; includeInIndex = 0; path = EyeHaven.app; sourceTree = BUILT_PRODUCTS_DIR; };
		A10000000000000000000020 /* EyeHavenApp.swift */ = {isa = PBXFileReference; lastKnownFileType = sourcecode.swift; path = EyeHavenApp.swift; sourceTree = "<group>"; };
		A10000000000000000000021 /* RestSession.swift */ = {isa = PBXFileReference; lastKnownFileType = sourcecode.swift; path = RestSession.swift; sourceTree = "<group>"; };
		A10000000000000000000022 /* Palette.swift */ = {isa = PBXFileReference; lastKnownFileType = sourcecode.swift; path = Palette.swift; sourceTree = "<group>"; };
		A10000000000000000000023 /* RootView.swift */ = {isa = PBXFileReference; lastKnownFileType = sourcecode.swift; path = RootView.swift; sourceTree = "<group>"; };
		A10000000000000000000024 /* HomeView.swift */ = {isa = PBXFileReference; lastKnownFileType = sourcecode.swift; path = HomeView.swift; sourceTree = "<group>"; };
		A10000000000000000000025 /* TimerRing.swift */ = {isa = PBXFileReference; lastKnownFileType = sourcecode.swift; path = TimerRing.swift; sourceTree = "<group>"; };
		A10000000000000000000026 /* TipsView.swift */ = {isa = PBXFileReference; lastKnownFileType = sourcecode.swift; path = TipsView.swift; sourceTree = "<group>"; };
		A10000000000000000000027 /* Assets.xcassets */ = {isa = PBXFileReference; lastKnownFileType = folder.assetcatalog; path = Assets.xcassets; sourceTree = "<group>"; };
		A10000000000000000000028 /* ParentSettings.swift */ = {isa = PBXFileReference; lastKnownFileType = sourcecode.swift; path = ParentSettings.swift; sourceTree = "<group>"; };
		A10000000000000000000029 /* ParentSettingsView.swift */ = {isa = PBXFileReference; lastKnownFileType = sourcecode.swift; path = ParentSettingsView.swift; sourceTree = "<group>"; };
		A1000000000000000000002A /* DistanceChecker.swift */ = {isa = PBXFileReference; lastKnownFileType = sourcecode.swift; path = DistanceChecker.swift; sourceTree = "<group>"; };
		A1000000000000000000002B /* DistanceGateView.swift */ = {isa = PBXFileReference; lastKnownFileType = sourcecode.swift; path = DistanceGateView.swift; sourceTree = "<group>"; };
		A1000000000000000000002C /* DailyReport.swift */ = {isa = PBXFileReference; lastKnownFileType = sourcecode.swift; path = DailyReport.swift; sourceTree = "<group>"; };
		A1000000000000000000002D /* ParentNotifier.swift */ = {isa = PBXFileReference; lastKnownFileType = sourcecode.swift; path = ParentNotifier.swift; sourceTree = "<group>"; };
		A1000000000000000000002E /* ParentReportView.swift */ = {isa = PBXFileReference; lastKnownFileType = sourcecode.swift; path = ParentReportView.swift; sourceTree = "<group>"; };
		A1000000000000000000002F /* RestCheckInView.swift */ = {isa = PBXFileReference; lastKnownFileType = sourcecode.swift; path = RestCheckInView.swift; sourceTree = "<group>"; };
		A10000000000000000000030 /* AppClock.swift */ = {isa = PBXFileReference; lastKnownFileType = sourcecode.swift; path = AppClock.swift; sourceTree = "<group>"; };
		A10000000000000000000032 /* ClockPulseView.swift */ = {isa = PBXFileReference; lastKnownFileType = sourcecode.swift; path = ClockPulseView.swift; sourceTree = "<group>"; };
		A10000000000000000000034 /* RestTimerLabel.swift */ = {isa = PBXFileReference; lastKnownFileType = sourcecode.swift; path = RestTimerLabel.swift; sourceTree = "<group>"; };
		A10000000000000000000038 /* RestStory.swift */ = {isa = PBXFileReference; lastKnownFileType = sourcecode.swift; path = RestStory.swift; sourceTree = "<group>"; };
		A10000000000000000000039 /* RestStoryPlayer.swift */ = {isa = PBXFileReference; lastKnownFileType = sourcecode.swift; path = RestStoryPlayer.swift; sourceTree = "<group>"; };
		A1000000000000000000003C /* CheckInMoment.swift */ = {isa = PBXFileReference; lastKnownFileType = sourcecode.swift; path = CheckInMoment.swift; sourceTree = "<group>"; };
/* End PBXFileReference section */

/* Begin PBXFrameworksBuildPhase section */
		A10000000000000000000040 /* Frameworks */ = {
			isa = PBXFrameworksBuildPhase;
			buildActionMask = 2147483647;
			files = (
			);
			runOnlyForDeploymentPostprocessing = 0;
		};
/* End PBXFrameworksBuildPhase section */

/* Begin PBXGroup section */
		A10000000000000000000050 = {
			isa = PBXGroup;
			children = (
				A10000000000000000000051 /* EyeHaven */,
				A10000000000000000000052 /* Products */,
			);
			sourceTree = "<group>";
		};
		A10000000000000000000051 /* EyeHaven */ = {
			isa = PBXGroup;
			children = (
				A10000000000000000000020 /* EyeHavenApp.swift */,
				A10000000000000000000021 /* RestSession.swift */,
				A10000000000000000000022 /* Palette.swift */,
				A10000000000000000000023 /* RootView.swift */,
				A10000000000000000000024 /* HomeView.swift */,
				A10000000000000000000025 /* TimerRing.swift */,
				A10000000000000000000026 /* TipsView.swift */,
				A10000000000000000000028 /* ParentSettings.swift */,
				A10000000000000000000029 /* ParentSettingsView.swift */,
				A1000000000000000000002A /* DistanceChecker.swift */,
				A1000000000000000000002B /* DistanceGateView.swift */,
				A1000000000000000000002C /* DailyReport.swift */,
				A1000000000000000000002D /* ParentNotifier.swift */,
				A1000000000000000000002E /* ParentReportView.swift */,
				A1000000000000000000002F /* RestCheckInView.swift */,
				A10000000000000000000030 /* AppClock.swift */,
				A10000000000000000000032 /* ClockPulseView.swift */,
				A10000000000000000000034 /* RestTimerLabel.swift */,
				A10000000000000000000038 /* RestStory.swift */,
				A10000000000000000000039 /* RestStoryPlayer.swift */,
				A1000000000000000000003C /* CheckInMoment.swift */,
				A10000000000000000000027 /* Assets.xcassets */,
			);
			path = EyeHaven;
			sourceTree = "<group>";
		};
		A10000000000000000000052 /* Products */ = {
			isa = PBXGroup;
			children = (
				A10000000000000000000001 /* EyeHaven.app */,
			);
			name = Products;
			sourceTree = "<group>";
		};
/* End PBXGroup section */

/* Begin PBXNativeTarget section */
		A10000000000000000000060 /* EyeHaven */ = {
			isa = PBXNativeTarget;
			buildConfigurationList = A10000000000000000000073 /* Build configuration list for PBXNativeTarget "EyeHaven" */;
			buildPhases = (
				A10000000000000000000041 /* Sources */,
				A10000000000000000000040 /* Frameworks */,
				A10000000000000000000042 /* Resources */,
			);
			buildRules = (
			);
			dependencies = (
			);
			name = EyeHaven;
			productName = EyeHaven;
			productReference = A10000000000000000000001 /* EyeHaven.app */;
			productType = "com.apple.product-type.application";
		};
/* End PBXNativeTarget section */

/* Begin PBXProject section */
		A10000000000000000000070 /* Project object */ = {
			isa = PBXProject;
			attributes = {
				BuildIndependentTargetsInParallel = 1;
				LastSwiftUpdateCheck = 1600;
				LastUpgradeCheck = 1600;
				TargetAttributes = {
					A10000000000000000000060 = {
						CreatedOnToolsVersion = 16.0;
					};
				};
			};
			buildConfigurationList = A10000000000000000000072 /* Build configuration list for PBXProject "EyeHaven" */;
			compatibilityVersion = "Xcode 14.0";
			developmentRegion = en;
			hasScannedForEncodings = 0;
			knownRegions = (
				en,
				Base,
				zh-Hans,
			);
			mainGroup = A10000000000000000000050;
			productRefGroup = A10000000000000000000052 /* Products */;
			projectDirPath = "";
			projectRoot = "";
			targets = (
				A10000000000000000000060 /* EyeHaven */,
			);
		};
/* End PBXProject section */

/* Begin PBXResourcesBuildPhase section */
		A10000000000000000000042 /* Resources */ = {
			isa = PBXResourcesBuildPhase;
			buildActionMask = 2147483647;
			files = (
				A10000000000000000000017 /* Assets.xcassets in Resources */,
			);
			runOnlyForDeploymentPostprocessing = 0;
		};
/* End PBXResourcesBuildPhase section */

/* Begin PBXSourcesBuildPhase section */
		A10000000000000000000041 /* Sources */ = {
			isa = PBXSourcesBuildPhase;
			buildActionMask = 2147483647;
			files = (
				A10000000000000000000010 /* EyeHavenApp.swift in Sources */,
				A10000000000000000000011 /* RestSession.swift in Sources */,
				A10000000000000000000012 /* Palette.swift in Sources */,
				A10000000000000000000013 /* RootView.swift in Sources */,
				A10000000000000000000014 /* HomeView.swift in Sources */,
				A10000000000000000000015 /* TimerRing.swift in Sources */,
				A10000000000000000000016 /* TipsView.swift in Sources */,
				A10000000000000000000018 /* ParentSettings.swift in Sources */,
				A10000000000000000000019 /* ParentSettingsView.swift in Sources */,
				A1000000000000000000001A /* DistanceChecker.swift in Sources */,
				A1000000000000000000001B /* DistanceGateView.swift in Sources */,
				A1000000000000000000001C /* DailyReport.swift in Sources */,
				A1000000000000000000001D /* ParentNotifier.swift in Sources */,
				A1000000000000000000001E /* ParentReportView.swift in Sources */,
				A1000000000000000000001F /* RestCheckInView.swift in Sources */,
				A10000000000000000000031 /* AppClock.swift in Sources */,
				A10000000000000000000033 /* ClockPulseView.swift in Sources */,
				A10000000000000000000035 /* RestTimerLabel.swift in Sources */,
				A10000000000000000000036 /* RestStory.swift in Sources */,
				A10000000000000000000037 /* RestStoryPlayer.swift in Sources */,
				A1000000000000000000003A /* CheckInMoment.swift in Sources */,
			);
			runOnlyForDeploymentPostprocessing = 0;
		};
/* End PBXSourcesBuildPhase section */

/* Begin XCBuildConfiguration section */
		A10000000000000000000080 /* Debug */ = {
			isa = XCBuildConfiguration;
			buildSettings = {
				ALWAYS_SEARCH_USER_PATHS = NO;
				CLANG_ENABLE_MODULES = YES;
				CLANG_ENABLE_OBJC_ARC = YES;
				COPY_PHASE_STRIP = NO;
				DEBUG_INFORMATION_FORMAT = dwarf;
				ENABLE_TESTABILITY = YES;
				GCC_DYNAMIC_NO_PIC = NO;
				GCC_OPTIMIZATION_LEVEL = 0;
				IPHONEOS_DEPLOYMENT_TARGET = 18.0;
				MTL_ENABLE_DEBUG_INFO = INCLUDE_SOURCE;
				ONLY_ACTIVE_ARCH = YES;
				SDKROOT = iphoneos;
				SWIFT_ACTIVE_COMPILATION_CONDITIONS = DEBUG;
				SWIFT_OPTIMIZATION_LEVEL = "-Onone";
				SWIFT_VERSION = 5.0;
			};
			name = Debug;
		};
		A10000000000000000000081 /* Release */ = {
			isa = XCBuildConfiguration;
			buildSettings = {
				ALWAYS_SEARCH_USER_PATHS = NO;
				CLANG_ENABLE_MODULES = YES;
				CLANG_ENABLE_OBJC_ARC = YES;
				COPY_PHASE_STRIP = NO;
				DEBUG_INFORMATION_FORMAT = "dwarf-with-dsym";
				IPHONEOS_DEPLOYMENT_TARGET = 18.0;
				MTL_ENABLE_DEBUG_INFO = NO;
				SDKROOT = iphoneos;
				SWIFT_COMPILATION_MODE = wholemodule;
				SWIFT_VERSION = 5.0;
				VALIDATE_PRODUCT = YES;
			};
			name = Release;
		};
		A10000000000000000000082 /* Debug */ = {
			isa = XCBuildConfiguration;
			buildSettings = {
				ASSETCATALOG_COMPILER_APPICON_NAME = AppIcon;
				ASSETCATALOG_COMPILER_GLOBAL_ACCENT_COLOR_NAME = AccentColor;
				CODE_SIGN_STYLE = Automatic;
				CURRENT_PROJECT_VERSION = 1;
				DEVELOPMENT_ASSET_PATHS = "";
				ENABLE_PREVIEWS = YES;
				GENERATE_INFOPLIST_FILE = YES;
				INFOPLIST_KEY_CFBundleDisplayName = EyeHaven;
				INFOPLIST_KEY_NSCameraUsageDescription = "开始使用前用前置摄像头估一次坐姿距离，画面不会保存或上传。";
				INFOPLIST_KEY_LSApplicationCategoryType = "public.app-category.healthcare-fitness";
				INFOPLIST_KEY_UIApplicationSceneManifest_Generation = YES;
				INFOPLIST_KEY_UIApplicationSupportsIndirectInputEvents = YES;
				INFOPLIST_KEY_UIBackgroundModes = audio;
				INFOPLIST_KEY_UILaunchScreen_Generation = YES;
				INFOPLIST_KEY_UISupportedInterfaceOrientations = "UIInterfaceOrientationPortrait UIInterfaceOrientationLandscapeLeft UIInterfaceOrientationLandscapeRight";
				INFOPLIST_KEY_UISupportedInterfaceOrientations_iPad = "UIInterfaceOrientationPortrait UIInterfaceOrientationPortraitUpsideDown UIInterfaceOrientationLandscapeLeft UIInterfaceOrientationLandscapeRight";
				LD_RUNPATH_SEARCH_PATHS = (
					"$(inherited)",
					"@executable_path/Frameworks",
				);
				MARKETING_VERSION = 1.0;
				PRODUCT_BUNDLE_IDENTIFIER = com.eyehaven.app;
				PRODUCT_NAME = "$(TARGET_NAME)";
				SUPPORTED_PLATFORMS = "iphoneos iphonesimulator";
				SUPPORTS_MACCATALYST = NO;
				SWIFT_EMIT_LOC_STRINGS = YES;
				SWIFT_STRICT_CONCURRENCY = complete;
				TARGETED_DEVICE_FAMILY = "1,2";
			};
			name = Debug;
		};
		A10000000000000000000083 /* Release */ = {
			isa = XCBuildConfiguration;
			buildSettings = {
				ASSETCATALOG_COMPILER_APPICON_NAME = AppIcon;
				ASSETCATALOG_COMPILER_GLOBAL_ACCENT_COLOR_NAME = AccentColor;
				CODE_SIGN_STYLE = Automatic;
				CURRENT_PROJECT_VERSION = 1;
				ENABLE_PREVIEWS = YES;
				GENERATE_INFOPLIST_FILE = YES;
				INFOPLIST_KEY_CFBundleDisplayName = EyeHaven;
				INFOPLIST_KEY_NSCameraUsageDescription = "开始使用前用前置摄像头估一次坐姿距离，画面不会保存或上传。";
				INFOPLIST_KEY_LSApplicationCategoryType = "public.app-category.healthcare-fitness";
				INFOPLIST_KEY_UIApplicationSceneManifest_Generation = YES;
				INFOPLIST_KEY_UIApplicationSupportsIndirectInputEvents = YES;
				INFOPLIST_KEY_UIBackgroundModes = audio;
				INFOPLIST_KEY_UILaunchScreen_Generation = YES;
				INFOPLIST_KEY_UISupportedInterfaceOrientations = "UIInterfaceOrientationPortrait UIInterfaceOrientationLandscapeLeft UIInterfaceOrientationLandscapeRight";
				INFOPLIST_KEY_UISupportedInterfaceOrientations_iPad = "UIInterfaceOrientationPortrait UIInterfaceOrientationPortraitUpsideDown UIInterfaceOrientationLandscapeLeft UIInterfaceOrientationLandscapeRight";
				LD_RUNPATH_SEARCH_PATHS = (
					"$(inherited)",
					"@executable_path/Frameworks",
				);
				MARKETING_VERSION = 1.0;
				PRODUCT_BUNDLE_IDENTIFIER = com.eyehaven.app;
				PRODUCT_NAME = "$(TARGET_NAME)";
				SUPPORTED_PLATFORMS = "iphoneos iphonesimulator";
				SUPPORTS_MACCATALYST = NO;
				SWIFT_EMIT_LOC_STRINGS = YES;
				SWIFT_STRICT_CONCURRENCY = complete;
				TARGETED_DEVICE_FAMILY = "1,2";
			};
			name = Release;
		};
/* End XCBuildConfiguration section */

/* Begin XCConfigurationList section */
		A10000000000000000000072 /* Build configuration list for PBXProject "EyeHaven" */ = {
			isa = XCConfigurationList;
			buildConfigurations = (
				A10000000000000000000080 /* Debug */,
				A10000000000000000000081 /* Release */,
			);
			defaultConfigurationIsVisible = 0;
			defaultConfigurationName = Release;
		};
		A10000000000000000000073 /* Build configuration list for PBXNativeTarget "EyeHaven" */ = {
			isa = XCConfigurationList;
			buildConfigurations = (
				A10000000000000000000082 /* Debug */,
				A10000000000000000000083 /* Release */,
			);
			defaultConfigurationIsVisible = 0;
			defaultConfigurationName = Release;
		};
/* End XCConfigurationList section */
	};
	rootObject = A10000000000000000000070 /* Project object */;
}
